
Microsoft Visual Studio Solution File, Format Version 12.00
# Visual Studio Version 16
VisualStudioVersion = 16.0.30517.126
MinimumVisualStudioVersion = 10.0.40219.1
Project("{FAE04EC0-301F-11D3-BF4B-00C04F79EFBC}") = "friday", "friday\friday.csproj", "{B51788DB-CA4A-42B4-ACC6-E43A63237322}"
EndProject
Global
	GlobalSection(SolutionConfigurationPlatforms) = preSolution
		Debug|Any CPU = Debug|Any CPU
		Release|Any CPU = Release|Any CPU
	EndGlobalSection
	GlobalSection(ProjectConfigurationPlatforms) = postSolution
		{B51788DB-CA4A-42B4-ACC6-E43A63237322}.Debug|Any CPU.ActiveCfg = Debug|Any CPU
		{B51788DB-CA4A-42B4-ACC6-E43A63237322}.Debug|Any CPU.Build.0 = Debug|Any CPU
		{B51788DB-CA4A-42B4-ACC6-E43A63237322}.Release|Any CPU.ActiveCfg = Release|Any CPU
		{B51788DB-CA4A-42B4-ACC6-E43A63237322}.Release|Any CPU.Build.0 = Release|Any CPU
	EndGlobalSection
	GlobalSection(SolutionProperties) = preSolution
		HideSolutionNode = FALSE
	EndGlobalSection
	GlobalSection(ExtensibilityGlobals) = postSolution
		SolutionGuid = {5DDF2E52-43D3-4A0B-8570-9F13B4849A54}
	EndGlobalSection
EndGlobal
